
Microsoft Visual Studio Solution File, Format Version 12.00
# Visual Studio 15
VisualStudioVersion = 15.0.27130.2027
MinimumVisualStudioVersion = 10.0.40219.1
Project("{9A19103F-16F7-4668-BE54-9A1E7A4F7556}") = "Open5ECreatureDownloader", "Open5ECreatureDownloader\Open5ECreatureDownloader.csproj", "{D39886BE-0DDF-483B-9E4E-5F915A77EBDD}"
EndProject
Project("{9A19103F-16F7-4668-BE54-9A1E7A4F7556}") = "Open5eCreatureDownloader.Test", "Open5eCreatureDownloader.Test\Open5eCreatureDownloader.Test.csproj", "{555DC57C-182D-4E92-9ABE-9B30C28555CC}"
EndProject
Global
	GlobalSection(SolutionConfigurationPlatforms) = preSolution
		Debug|Any CPU = Debug|Any CPU
		Release|Any CPU = Release|Any CPU
	EndGlobalSection
	GlobalSection(ProjectConfigurationPlatforms) = postSolution
		{D39886BE-0DDF-483B-9E4E-5F915A77EBDD}.Debug|Any CPU.ActiveCfg = Debug|Any CPU
		{D39886BE-0DDF-483B-9E4E-5F915A77EBDD}.Debug|Any CPU.Build.0 = Debug|Any CPU
		{D39886BE-0DDF-483B-9E4E-5F915A77EBDD}.Release|Any CPU.ActiveCfg = Release|Any CPU
		{D39886BE-0DDF-483B-9E4E-5F915A77EBDD}.Release|Any CPU.Build.0 = Release|Any CPU
		{555DC57C-182D-4E92-9ABE-9B30C28555CC}.Debug|Any CPU.ActiveCfg = Debug|Any CPU
		{555DC57C-182D-4E92-9ABE-9B30C28555CC}.Debug|Any CPU.Build.0 = Debug|Any CPU
		{555DC57C-182D-4E92-9ABE-9B30C28555CC}.Release|Any CPU.ActiveCfg = Release|Any CPU
		{555DC57C-182D-4E92-9ABE-9B30C28555CC}.Release|Any CPU.Build.0 = Release|Any CPU
	EndGlobalSection
	GlobalSection(SolutionProperties) = preSolution
		HideSolutionNode = FALSE
	EndGlobalSection
	GlobalSection(ExtensibilityGlobals) = postSolution
		SolutionGuid = {A2B0500E-4584-4397-B73D-94684EC35E34}
	EndGlobalSection
EndGlobal
